<Solution>
  <Folder Name="/Examples/">
    <File Path="add_call.codex" />
    <File Path="examples/simple_add.codex" />
    <File Path="fibonacci.hex" />
  </Folder>
  <Project Path="Arcanum/Arcanum.csproj" />
  <Project Path="Hex/Hex.csproj" />
  <Project Path="HexTests/HexTests.csproj" />
</Solution>
